
Microsoft Visual Studio Solution File, Format Version 12.00
# Visual Studio Version 16
VisualStudioVersion = 16.0.31402.337
MinimumVisualStudioVersion = 10.0.40219.1
Project("{FAE04EC0-301F-11D3-BF4B-00C04F79EFBC}") = "notepad", "notepad.csproj", "{A1366DAE-9F97-42B1-8C6B-A1A9AA47C8B9}"
EndProject
Global
	GlobalSection(SolutionConfigurationPlatforms) = preSolution
		Debug|Any CPU = Debug|Any CPU
		Release|Any CPU = Release|Any CPU
	EndGlobalSection
	GlobalSection(ProjectConfigurationPlatforms) = postSolution
		{A1366DAE-9F97-42B1-8C6B-A1A9AA47C8B9}.Debug|Any CPU.ActiveCfg = Debug|Any CPU
		{A1366DAE-9F97-42B1-8C6B-A1A9AA47C8B9}.Debug|Any CPU.Build.0 = Debug|Any CPU
		{A1366DAE-9F97-42B1-8C6B-A1A9AA47C8B9}.Release|Any CPU.ActiveCfg = Release|Any CPU
		{A1366DAE-9F97-42B1-8C6B-A1A9AA47C8B9}.Release|Any CPU.Build.0 = Release|Any CPU
	EndGlobalSection
	GlobalSection(SolutionProperties) = preSolution
		HideSolutionNode = FALSE
	EndGlobalSection
	GlobalSection(ExtensibilityGlobals) = postSolution
		SolutionGuid = {B4F21229-910D-4FCA-A56D-19945AFA73E3}
	EndGlobalSection
EndGlobal
